
Microsoft Visual Studio Solution File, Format Version 12.00
Project("{FAE04EC0-301F-11D3-BF4B-00C04F79EFBC}") = "AGC Entbannungssystem", "AGC Entbannungssystem.csproj", "{781343DD-3B42-4CC5-B4ED-7AE321A0CCBA}"
EndProject
Global
	GlobalSection(SolutionConfigurationPlatforms) = preSolution
		Debug|Any CPU = Debug|Any CPU
		Release|Any CPU = Release|Any CPU
	EndGlobalSection
	GlobalSection(ProjectConfigurationPlatforms) = postSolution
		{781343DD-3B42-4CC5-B4ED-7AE321A0CCBA}.Debug|Any CPU.ActiveCfg = Debug|Any CPU
		{781343DD-3B42-4CC5-B4ED-7AE321A0CCBA}.Debug|Any CPU.Build.0 = Debug|Any CPU
		{781343DD-3B42-4CC5-B4ED-7AE321A0CCBA}.Release|Any CPU.ActiveCfg = Release|Any CPU
		{781343DD-3B42-4CC5-B4ED-7AE321A0CCBA}.Release|Any CPU.Build.0 = Release|Any CPU
	EndGlobalSection
EndGlobal
